
Microsoft Visual Studio Solution File, Format Version 12.00
# Visual Studio Version 17
VisualStudioVersion = 17.14.36908.2
MinimumVisualStudioVersion = 10.0.40219.1
Project("{FAE04EC0-301F-11D3-BF4B-00C04F79EFBC}") = "ArchitectureTester", "ArchitectureTester.csproj", "{704DDC63-2EE5-D8D6-0D78-F4158567AF44}"
EndProject
Global
	GlobalSection(SolutionConfigurationPlatforms) = preSolution
		Debug|Any CPU = Debug|Any CPU
		Release|Any CPU = Release|Any CPU
	EndGlobalSection
	GlobalSection(ProjectConfigurationPlatforms) = postSolution
		{704DDC63-2EE5-D8D6-0D78-F4158567AF44}.Debug|Any CPU.ActiveCfg = Debug|Any CPU
		{704DDC63-2EE5-D8D6-0D78-F4158567AF44}.Debug|Any CPU.Build.0 = Debug|Any CPU
		{704DDC63-2EE5-D8D6-0D78-F4158567AF44}.Release|Any CPU.ActiveCfg = Release|Any CPU
		{704DDC63-2EE5-D8D6-0D78-F4158567AF44}.Release|Any CPU.Build.0 = Release|Any CPU
	EndGlobalSection
	GlobalSection(SolutionProperties) = preSolution
		HideSolutionNode = FALSE
	EndGlobalSection
	GlobalSection(ExtensibilityGlobals) = postSolution
		SolutionGuid = {D6A142DA-1E64-4046-90CA-72159219EBC8}
	EndGlobalSection
EndGlobal
